{
  "nodes": {
    "devenv": {
      "locked": {
        "dir": "src/modules",
        "lastModified": 1775147763,
        "narHash": "sha256-VY+Vemh6/KcOquICLIzM/WPoBWNgp0issGO0ytXydU0=",
        "owner": "cachix",
        "repo": "devenv",
        "rev": "ad4d771adec17a35c347f0eef2419de642db3db4",
        "type": "github"
      },
      "original": {
        "dir": "src/modules",
        "owner": "cachix",
        "repo": "devenv",
        "type": "github"
      }
    },
    "nixpkgs": {
      "inputs": {
        "nixpkgs-src": "nixpkgs-src"
      },
      "locked": {
        "lastModified": 1774287239,
        "narHash": "sha256-W3krsWcDwYuA3gPWsFA24YAXxOFUL6iIlT6IknAoNSE=",
        "owner": "cachix",
        "repo": "devenv-nixpkgs",
        "rev": "fa7125ea7f1ae5430010a6e071f68375a39bd24c",
        "type": "github"
      },
      "original": {
        "owner": "cachix",
        "ref": "rolling",
        "repo": "devenv-nixpkgs",
        "type": "github"
      }
    },
    "nixpkgs-src": {
      "flake": false,
      "locked": {
        "lastModified": 1773840656,
        "narHash": "sha256-9tpvMGFteZnd3gRQZFlRCohVpqooygFuy9yjuyRL2C0=",
        "owner": "NixOS",
        "repo": "nixpkgs",
        "rev": "9cf7092bdd603554bd8b63c216e8943cf9b12512",
        "type": "github"
      },
      "original": {
        "owner": "NixOS",
        "ref": "nixpkgs-unstable",
        "repo": "nixpkgs",
        "type": "github"
      }
    },
    "root": {
      "inputs": {
        "devenv": "devenv",
        "nixpkgs": "nixpkgs",
        "rust-overlay": "rust-overlay"
      }
    },
    "rust-overlay": {
      "inputs": {
        "nixpkgs": [
          "nixpkgs"
        ]
      },
      "locked": {
        "lastModified": 1775099554,
        "narHash": "sha256-3xBsGnGDLOFtnPZ1D3j2LU19wpAlYefRKTlkv648rU0=",
        "owner": "oxalica",
        "repo": "rust-overlay",
        "rev": "8d6387ed6d8e6e6672fd3ed4b61b59d44b124d99",
        "type": "github"
      },
      "original": {
        "owner": "oxalica",
        "repo": "rust-overlay",
        "type": "github"
      }
    }
  },
  "root": "root",
  "version": 7
}